
Microsoft Visual Studio Solution File, Format Version 12.00
# Visual Studio Version 16
VisualStudioVersion = 16.0.29613.14
MinimumVisualStudioVersion = 10.0.40219.1
Project("{FAE04EC0-301F-11D3-BF4B-00C04F79EFBC}") = "SampleClient", "SampleClient.csproj", "{E773CE03-3D8B-433B-8CB6-35FC44C0232B}"
EndProject
Global
	GlobalSection(SolutionConfigurationPlatforms) = preSolution
		Debug|Any CPU = Debug|Any CPU
		Release|Any CPU = Release|Any CPU
	EndGlobalSection
	GlobalSection(ProjectConfigurationPlatforms) = postSolution
		{E773CE03-3D8B-433B-8CB6-35FC44C0232B}.Debug|Any CPU.ActiveCfg = Debug|Any CPU
		{E773CE03-3D8B-433B-8CB6-35FC44C0232B}.Debug|Any CPU.Build.0 = Debug|Any CPU
		{E773CE03-3D8B-433B-8CB6-35FC44C0232B}.Release|Any CPU.ActiveCfg = Release|Any CPU
		{E773CE03-3D8B-433B-8CB6-35FC44C0232B}.Release|Any CPU.Build.0 = Release|Any CPU
	EndGlobalSection
	GlobalSection(SolutionProperties) = preSolution
		HideSolutionNode = FALSE
	EndGlobalSection
	GlobalSection(ExtensibilityGlobals) = postSolution
		SolutionGuid = {2DA8FB9C-B461-4CE8-88EE-D8F7D4A7B7FE}
	EndGlobalSection
EndGlobal
